
Microsoft Visual Studio Solution File, Format Version 12.00
# Visual Studio Version 16
VisualStudioVersion = 16.0.29102.190
MinimumVisualStudioVersion = 10.0.40219.1
Project("{FAE04EC0-301F-11D3-BF4B-00C04F79EFBC}") = "Muse-Redo", "Muse-Redo\Muse-Redo.csproj", "{A7D9A859-4F70-4B9A-9B13-BBB2C22444DC}"
EndProject
Global
	GlobalSection(SolutionConfigurationPlatforms) = preSolution
		Debug|Any CPU = Debug|Any CPU
		Release|Any CPU = Release|Any CPU
	EndGlobalSection
	GlobalSection(ProjectConfigurationPlatforms) = postSolution
		{A7D9A859-4F70-4B9A-9B13-BBB2C22444DC}.Debug|Any CPU.ActiveCfg = Debug|Any CPU
		{A7D9A859-4F70-4B9A-9B13-BBB2C22444DC}.Debug|Any CPU.Build.0 = Debug|Any CPU
		{A7D9A859-4F70-4B9A-9B13-BBB2C22444DC}.Release|Any CPU.ActiveCfg = Release|Any CPU
		{A7D9A859-4F70-4B9A-9B13-BBB2C22444DC}.Release|Any CPU.Build.0 = Release|Any CPU
	EndGlobalSection
	GlobalSection(SolutionProperties) = preSolution
		HideSolutionNode = FALSE
	EndGlobalSection
	GlobalSection(ExtensibilityGlobals) = postSolution
		SolutionGuid = {7DA9B7E3-0768-470C-9D34-B8276F315662}
	EndGlobalSection
EndGlobal
