
Microsoft Visual Studio Solution File, Format Version 12.00
# Visual Studio 15
Project("{FAE04EC0-301F-11D3-BF4B-00C04F79EFBC}") = "Muse", "Muse\Muse.csproj", "{FDFA9AF7-BAD5-4FC5-9116-5CE5651A4E49}"
EndProject
Global
	GlobalSection(SolutionConfigurationPlatforms) = preSolution
		Debug|Any CPU = Debug|Any CPU
		Release|Any CPU = Release|Any CPU
	EndGlobalSection
	GlobalSection(ProjectConfigurationPlatforms) = postSolution
		{FDFA9AF7-BAD5-4FC5-9116-5CE5651A4E49}.Debug|Any CPU.ActiveCfg = Debug|Any CPU
		{FDFA9AF7-BAD5-4FC5-9116-5CE5651A4E49}.Debug|Any CPU.Build.0 = Debug|Any CPU
		{FDFA9AF7-BAD5-4FC5-9116-5CE5651A4E49}.Release|Any CPU.ActiveCfg = Release|Any CPU
		{FDFA9AF7-BAD5-4FC5-9116-5CE5651A4E49}.Release|Any CPU.Build.0 = Release|Any CPU
	EndGlobalSection
EndGlobal
